<?xml version="1.0" encoding="UTF-8"?>
<Solution>
	<Configurations>
		<BuildType Name="Debug"/>
		<BuildType Name="Release"/>
		<BuildType Name="MinSizeRel"/>
		<BuildType Name="RelWithDebInfo"/>
		<Platform Name="x64"/>
	</Configurations>
	<Project Path="tools/packtool/AxiomPackTool.vcxproj" Type="8bc9ceb8-8b4a-11d0-8d11-00a0c91bc942" Id="10ef2b34-7c7f-3301-923d-0d46efd7bc78">
		<BuildDependency Project="ZERO_CHECK.vcxproj"/>
		<BuildDependency Project="thirdparty/minizip-ng/minizip.vcxproj"/>
		<BuildDependency Project="thirdparty/minizip-ng/ppmd.vcxproj"/>
	</Project>
	<Project Path="axiom/axiom_engine.vcxproj" Type="8bc9ceb8-8b4a-11d0-8d11-00a0c91bc942" Id="30a4f1dc-6b22-3e4a-a90b-4d55ee15160f">
		<BuildDependency Project="ZERO_CHECK.vcxproj"/>
		<BuildDependency Project="thirdparty/glad/glad.vcxproj"/>
		<BuildDependency Project="thirdparty/glfw/src/glfw.vcxproj"/>
		<BuildDependency Project="thirdparty/minizip-ng/minizip.vcxproj"/>
		<BuildDependency Project="thirdparty/minizip-ng/ppmd.vcxproj"/>
		<BuildDependency Project="thirdparty/stb/stb.vcxproj"/>
	</Project>
	<Project Path="thirdparty/glad/glad.vcxproj" Type="8bc9ceb8-8b4a-11d0-8d11-00a0c91bc942" Id="b622c9d9-a7aa-3817-84df-8403c8639130">
		<BuildDependency Project="ZERO_CHECK.vcxproj"/>
	</Project>
	<Project Path="thirdparty/minizip-ng/minizip.vcxproj" Type="8bc9ceb8-8b4a-11d0-8d11-00a0c91bc942" Id="c03a0bbe-7611-32cf-b3ed-40c89d37cdf3">
		<BuildDependency Project="ZERO_CHECK.vcxproj"/>
		<BuildDependency Project="thirdparty/minizip-ng/ppmd.vcxproj"/>
	</Project>
	<Project Path="thirdparty/minizip-ng/ppmd.vcxproj" Type="8bc9ceb8-8b4a-11d0-8d11-00a0c91bc942" Id="f6071ca6-0458-3fac-be4f-3d5a1ac49875">
		<BuildDependency Project="ZERO_CHECK.vcxproj"/>
	</Project>
	<Project Path="thirdparty/stb/stb.vcxproj" Type="8bc9ceb8-8b4a-11d0-8d11-00a0c91bc942" Id="16eff02d-f589-3a9b-881b-febc3fcf71b1">
		<BuildDependency Project="ZERO_CHECK.vcxproj"/>
	</Project>
	<Project Path="testbed/testbed.vcxproj" Type="8bc9ceb8-8b4a-11d0-8d11-00a0c91bc942" Id="4a3bf06b-2cdd-35cd-824c-e48be8439f3e">
		<BuildDependency Project="ZERO_CHECK.vcxproj"/>
		<BuildDependency Project="axiom/axiom_engine.vcxproj"/>
		<BuildDependency Project="thirdparty/glad/glad.vcxproj"/>
		<BuildDependency Project="thirdparty/glfw/src/glfw.vcxproj"/>
		<BuildDependency Project="thirdparty/minizip-ng/minizip.vcxproj"/>
		<BuildDependency Project="thirdparty/minizip-ng/ppmd.vcxproj"/>
		<BuildDependency Project="thirdparty/stb/stb.vcxproj"/>
	</Project>
	<Folder Name="/CMakePredefinedTargets/">
		<Project Path="ALL_BUILD.vcxproj" Type="8bc9ceb8-8b4a-11d0-8d11-00a0c91bc942" Id="ee3cc8e5-a541-3e1a-97a0-2ea7993be24e" DefaultStartup="true">
			<BuildDependency Project="tools/packtool/AxiomPackTool.vcxproj"/>
			<BuildDependency Project="ZERO_CHECK.vcxproj"/>
			<BuildDependency Project="axiom/axiom_engine.vcxproj"/>
			<BuildDependency Project="thirdparty/glad/glad.vcxproj"/>
			<BuildDependency Project="thirdparty/glfw/src/glfw.vcxproj"/>
			<BuildDependency Project="thirdparty/minizip-ng/minizip.vcxproj"/>
			<BuildDependency Project="thirdparty/minizip-ng/ppmd.vcxproj"/>
			<BuildDependency Project="thirdparty/stb/stb.vcxproj"/>
			<BuildDependency Project="testbed/testbed.vcxproj"/>
		</Project>
		<Project Path="INSTALL.vcxproj" Type="8bc9ceb8-8b4a-11d0-8d11-00a0c91bc942" Id="a8daf1af-7de7-33c6-847b-30243fb957cd">
			<BuildDependency Project="ALL_BUILD.vcxproj"/>
			<BuildDependency Project="ZERO_CHECK.vcxproj"/>
			<Build Solution="Debug|*" Project="false"/>
			<Build Solution="Release|*" Project="false"/>
			<Build Solution="MinSizeRel|*" Project="false"/>
			<Build Solution="RelWithDebInfo|*" Project="false"/>
		</Project>
		<Project Path="ZERO_CHECK.vcxproj" Type="8bc9ceb8-8b4a-11d0-8d11-00a0c91bc942" Id="cc589503-0eb8-3033-aa6c-8e673df55f21"/>
	</Folder>
	<Folder Name="/GLFW3/">
		<Project Path="thirdparty/glfw/src/glfw.vcxproj" Type="8bc9ceb8-8b4a-11d0-8d11-00a0c91bc942" Id="a66f745a-cb25-3a97-986d-fc8d4cf9943e">
			<BuildDependency Project="ZERO_CHECK.vcxproj"/>
		</Project>
		<Project Path="thirdparty/glfw/src/update_mappings.vcxproj" Type="8bc9ceb8-8b4a-11d0-8d11-00a0c91bc942" Id="5a09dea2-1fcb-3b37-9605-113ad0a93e49">
			<BuildDependency Project="ZERO_CHECK.vcxproj"/>
			<Build Solution="Debug|*" Project="false"/>
			<Build Solution="Release|*" Project="false"/>
			<Build Solution="MinSizeRel|*" Project="false"/>
			<Build Solution="RelWithDebInfo|*" Project="false"/>
		</Project>
	</Folder>
</Solution>
